
Microsoft Visual Studio Solution File, Format Version 12.00
# Visual Studio 15
VisualStudioVersion = 15.0.27004.2008
MinimumVisualStudioVersion = 10.0.40219.1
Project("{FAE04EC0-301F-11D3-BF4B-00C04F79EFBC}") = "ConsoleApp1", "ConsoleApp1\ConsoleApp1.csproj", "{4EB0FBAF-1DF4-4980-B102-BD65EED56278}"
EndProject
Global
	GlobalSection(SolutionConfigurationPlatforms) = preSolution
		Debug|Any CPU = Debug|Any CPU
		Release|Any CPU = Release|Any CPU
	EndGlobalSection
	GlobalSection(ProjectConfigurationPlatforms) = postSolution
		{4EB0FBAF-1DF4-4980-B102-BD65EED56278}.Debug|Any CPU.ActiveCfg = Debug|Any CPU
		{4EB0FBAF-1DF4-4980-B102-BD65EED56278}.Debug|Any CPU.Build.0 = Debug|Any CPU
		{4EB0FBAF-1DF4-4980-B102-BD65EED56278}.Release|Any CPU.ActiveCfg = Release|Any CPU
		{4EB0FBAF-1DF4-4980-B102-BD65EED56278}.Release|Any CPU.Build.0 = Release|Any CPU
	EndGlobalSection
	GlobalSection(SolutionProperties) = preSolution
		HideSolutionNode = FALSE
	EndGlobalSection
	GlobalSection(ExtensibilityGlobals) = postSolution
		SolutionGuid = {F0F7DB9B-E610-4E79-A3FB-3159BCCDB7CF}
	EndGlobalSection
EndGlobal
